// !$*UTF8*$!
{
	archiveVersion = 1;
	classes = {
	};
	objectVersion = 56;
	objects = {

/* Begin PBXBuildFile section */
		70C24D232C05D63F0051FD55 /* AppDelegate.swift in Sources */ = {isa = PBXBuildFile; fileRef = 70C24D222C05D63F0051FD55 /* AppDelegate.swift */; };
		70C24D252C05D63F0051FD55 /* SceneDelegate.swift in Sources */ = {isa = PBXBuildFile; fileRef = 70C24D242C05D63F0051FD55 /* SceneDelegate.swift */; };
		70C24D272C05D63F0051FD55 /* MainViewController.swift in Sources */ = {isa = PBXBuildFile; fileRef = 70C24D262C05D63F0051FD55 /* MainViewController.swift */; };
		70C24D2A2C05D63F0051FD55 /* Main.storyboard in Resources */ = {isa = PBXBuildFile; fileRef = 70C24D282C05D63F0051FD55 /* Main.storyboard */; };
		70C24D2C2C05D6410051FD55 /* Assets.xcassets in Resources */ = {isa = PBXBuildFile; fileRef = 70C24D2B2C05D6410051FD55 /* Assets.xcassets */; };
		70C24D2F2C05D6410051FD55 /* LaunchScreen.storyboard in Resources */ = {isa = PBXBuildFile; fileRef = 70C24D2D2C05D6410051FD55 /* LaunchScreen.storyboard */; };
		70C24D3A2C05D6410051FD55 /* CurrencyConverter_UIKitTests.swift in Sources */ = {isa = PBXBuildFile; fileRef = 70C24D392C05D6410051FD55 /* CurrencyConverter_UIKitTests.swift */; };
		70C24D442C05D6410051FD55 /* CurrencyConverter_UIKitUITests.swift in Sources */ = {isa = PBXBuildFile; fileRef = 70C24D432C05D6410051FD55 /* CurrencyConverter_UIKitUITests.swift */; };
		70C24D462C05D6410051FD55 /* CurrencyConverter_UIKitUITestsLaunchTests.swift in Sources */ = {isa = PBXBuildFile; fileRef = 70C24D452C05D6410051FD55 /* CurrencyConverter_UIKitUITestsLaunchTests.swift */; };
		70C24D532C06CCF70051FD55 /* ConvertViewController.swift in Sources */ = {isa = PBXBuildFile; fileRef = 70C24D522C06CCF70051FD55 /* ConvertViewController.swift */; };
		70C24D562C06D6290051FD55 /* Currency.swift in Sources */ = {isa = PBXBuildFile; fileRef = 70C24D552C06D6290051FD55 /* Currency.swift */; };
		70C24D582C06D6450051FD55 /* Currencies.swift in Sources */ = {isa = PBXBuildFile; fileRef = 70C24D572C06D6450051FD55 /* Currencies.swift */; };
		70C24D5B2C06D6E40051FD55 /* NetworkManager.swift in Sources */ = {isa = PBXBuildFile; fileRef = 70C24D5A2C06D6E40051FD55 /* NetworkManager.swift */; };
		70C24D5F2C06D7670051FD55 /* DateFormatterExtension.swift in Sources */ = {isa = PBXBuildFile; fileRef = 70C24D5E2C06D7670051FD55 /* DateFormatterExtension.swift */; };
		70C24D612C06D7960051FD55 /* JSONDecoderExtension.swift in Sources */ = {isa = PBXBuildFile; fileRef = 70C24D602C06D7960051FD55 /* JSONDecoderExtension.swift */; };
		70C24D632C06D7BB0051FD55 /* LocaleExtensions.swift in Sources */ = {isa = PBXBuildFile; fileRef = 70C24D622C06D7BB0051FD55 /* LocaleExtensions.swift */; };
		70C24D652C06D7E30051FD55 /* Error.swift in Sources */ = {isa = PBXBuildFile; fileRef = 70C24D642C06D7E30051FD55 /* Error.swift */; };
		70C24D672C06DD380051FD55 /* MainViewModel.swift in Sources */ = {isa = PBXBuildFile; fileRef = 70C24D662C06DD380051FD55 /* MainViewModel.swift */; };
/* End PBXBuildFile section */

/* Begin PBXContainerItemProxy section */
		70C24D362C05D6410051FD55 /* PBXContainerItemProxy */ = {
			isa = PBXContainerItemProxy;
			containerPortal = 70C24D172C05D63F0051FD55 /* Project object */;
			proxyType = 1;
			remoteGlobalIDString = 70C24D1E2C05D63F0051FD55;
			remoteInfo = "CurrencyConverter-UIKit";
		};
		70C24D402C05D6410051FD55 /* PBXContainerItemProxy */ = {
			isa = PBXContainerItemProxy;
			containerPortal = 70C24D172C05D63F0051FD55 /* Project object */;
			proxyType = 1;
			remoteGlobalIDString = 70C24D1E2C05D63F0051FD55;
			remoteInfo = "CurrencyConverter-UIKit";
		};
/* End PBXContainerItemProxy section */

/* Begin PBXFileReference section */
		70C24D1F2C05D63F0051FD55 /* CurrencyConverter-UIKit.app */ = {isa = PBXFileReference; explicitFileType = wrapper.application; includeInIndex = 0; path = "CurrencyConverter-UIKit.app"; sourceTree = BUILT_PRODUCTS_DIR; };
		70C24D222C05D63F0051FD55 /* AppDelegate.swift */ = {isa = PBXFileReference; lastKnownFileType = sourcecode.swift; path = AppDelegate.swift; sourceTree = "<group>"; };
		70C24D242C05D63F0051FD55 /* SceneDelegate.swift */ = {isa = PBXFileReference; lastKnownFileType = sourcecode.swift; path = SceneDelegate.swift; sourceTree = "<group>"; };
		70C24D262C05D63F0051FD55 /* MainViewController.swift */ = {isa = PBXFileReference; lastKnownFileType = sourcecode.swift; path = MainViewController.swift; sourceTree = "<group>"; };
		70C24D292C05D63F0051FD55 /* Base */ = {isa = PBXFileReference; lastKnownFileType = file.storyboard; name = Base; path = Base.lproj/Main.storyboard; sourceTree = "<group>"; };
		70C24D2B2C05D6410051FD55 /* Assets.xcassets */ = {isa = PBXFileReference; lastKnownFileType = folder.assetcatalog; path = Assets.xcassets; sourceTree = "<group>"; };
		70C24D2E2C05D6410051FD55 /* Base */ = {isa = PBXFileReference; lastKnownFileType = file.storyboard; name = Base; path = Base.lproj/LaunchScreen.storyboard; sourceTree = "<group>"; };
		70C24D302C05D6410051FD55 /* Info.plist */ = {isa = PBXFileReference; lastKnownFileType = text.plist.xml; path = Info.plist; sourceTree = "<group>"; };
		70C24D352C05D6410051FD55 /* CurrencyConverter-UIKitTests.xctest */ = {isa = PBXFileReference; explicitFileType = wrapper.cfbundle; includeInIndex = 0; path = "CurrencyConverter-UIKitTests.xctest"; sourceTree = BUILT_PRODUCTS_DIR; };
		70C24D392C05D6410051FD55 /* CurrencyConverter_UIKitTests.swift */ = {isa = PBXFileReference; lastKnownFileType = sourcecode.swift; path = CurrencyConverter_UIKitTests.swift; sourceTree = "<group>"; };
		70C24D3F2C05D6410051FD55 /* CurrencyConverter-UIKitUITests.xctest */ = {isa = PBXFileReference; explicitFileType = wrapper.cfbundle; includeInIndex = 0; path = "CurrencyConverter-UIKitUITests.xctest"; sourceTree = BUILT_PRODUCTS_DIR; };
		70C24D432C05D6410051FD55 /* CurrencyConverter_UIKitUITests.swift */ = {isa = PBXFileReference; lastKnownFileType = sourcecode.swift; path = CurrencyConverter_UIKitUITests.swift; sourceTree = "<group>"; };
		70C24D452C05D6410051FD55 /* CurrencyConverter_UIKitUITestsLaunchTests.swift */ = {isa = PBXFileReference; lastKnownFileType = sourcecode.swift; path = CurrencyConverter_UIKitUITestsLaunchTests.swift; sourceTree = "<group>"; };
		70C24D522C06CCF70051FD55 /* ConvertViewController.swift */ = {isa = PBXFileReference; lastKnownFileType = sourcecode.swift; path = ConvertViewController.swift; sourceTree = "<group>"; };
		70C24D552C06D6290051FD55 /* Currency.swift */ = {isa = PBXFileReference; lastKnownFileType = sourcecode.swift; path = Currency.swift; sourceTree = "<group>"; };
		70C24D572C06D6450051FD55 /* Currencies.swift */ = {isa = PBXFileReference; lastKnownFileType = sourcecode.swift; path = Currencies.swift; sourceTree = "<group>"; };
		70C24D5A2C06D6E40051FD55 /* NetworkManager.swift */ = {isa = PBXFileReference; lastKnownFileType = sourcecode.swift; path = NetworkManager.swift; sourceTree = "<group>"; };
		70C24D5E2C06D7670051FD55 /* DateFormatterExtension.swift */ = {isa = PBXFileReference; lastKnownFileType = sourcecode.swift; path = DateFormatterExtension.swift; sourceTree = "<group>"; };
		70C24D602C06D7960051FD55 /* JSONDecoderExtension.swift */ = {isa = PBXFileReference; lastKnownFileType = sourcecode.swift; path = JSONDecoderExtension.swift; sourceTree = "<group>"; };
		70C24D622C06D7BB0051FD55 /* LocaleExtensions.swift */ = {isa = PBXFileReference; lastKnownFileType = sourcecode.swift; path = LocaleExtensions.swift; sourceTree = "<group>"; };
		70C24D642C06D7E30051FD55 /* Error.swift */ = {isa = PBXFileReference; lastKnownFileType = sourcecode.swift; path = Error.swift; sourceTree = "<group>"; };
		70C24D662C06DD380051FD55 /* MainViewModel.swift */ = {isa = PBXFileReference; lastKnownFileType = sourcecode.swift; path = MainViewModel.swift; sourceTree = "<group>"; };
/* End PBXFileReference section */

/* Begin PBXFrameworksBuildPhase section */
		70C24D1C2C05D63F0051FD55 /* Frameworks */ = {
			isa = PBXFrameworksBuildPhase;
			buildActionMask = 2147483647;
			files = (
			);
			runOnlyForDeploymentPostprocessing = 0;
		};
		70C24D322C05D6410051FD55 /* Frameworks */ = {
			isa = PBXFrameworksBuildPhase;
			buildActionMask = 2147483647;
			files = (
			);
			runOnlyForDeploymentPostprocessing = 0;
		};
		70C24D3C2C05D6410051FD55 /* Frameworks */ = {
			isa = PBXFrameworksBuildPhase;
			buildActionMask = 2147483647;
			files = (
			);
			runOnlyForDeploymentPostprocessing = 0;
		};
/* End PBXFrameworksBuildPhase section */

/* Begin PBXGroup section */
		70C24D162C05D63F0051FD55 = {
			isa = PBXGroup;
			children = (
				70C24D212C05D63F0051FD55 /* CurrencyConverter-UIKit */,
				70C24D382C05D6410051FD55 /* CurrencyConverter-UIKitTests */,
				70C24D422C05D6410051FD55 /* CurrencyConverter-UIKitUITests */,
				70C24D202C05D63F0051FD55 /* Products */,
			);
			sourceTree = "<group>";
		};
		70C24D202C05D63F0051FD55 /* Products */ = {
			isa = PBXGroup;
			children = (
				70C24D1F2C05D63F0051FD55 /* CurrencyConverter-UIKit.app */,
				70C24D352C05D6410051FD55 /* CurrencyConverter-UIKitTests.xctest */,
				70C24D3F2C05D6410051FD55 /* CurrencyConverter-UIKitUITests.xctest */,
			);
			name = Products;
			sourceTree = "<group>";
		};
		70C24D212C05D63F0051FD55 /* CurrencyConverter-UIKit */ = {
			isa = PBXGroup;
			children = (
				70C24D5C2C06D7100051FD55 /* Utilities */,
				70C24D592C06D6D50051FD55 /* Manager */,
				70C24D542C06D5FD0051FD55 /* Model */,
				70C24D222C05D63F0051FD55 /* AppDelegate.swift */,
				70C24D242C05D63F0051FD55 /* SceneDelegate.swift */,
				70C24D262C05D63F0051FD55 /* MainViewController.swift */,
				70C24D282C05D63F0051FD55 /* Main.storyboard */,
				70C24D2B2C05D6410051FD55 /* Assets.xcassets */,
				70C24D2D2C05D6410051FD55 /* LaunchScreen.storyboard */,
				70C24D302C05D6410051FD55 /* Info.plist */,
				70C24D522C06CCF70051FD55 /* ConvertViewController.swift */,
				70C24D662C06DD380051FD55 /* MainViewModel.swift */,
			);
			path = "CurrencyConverter-UIKit";
			sourceTree = "<group>";
		};
		70C24D382C05D6410051FD55 /* CurrencyConverter-UIKitTests */ = {
			isa = PBXGroup;
			children = (
				70C24D392C05D6410051FD55 /* CurrencyConverter_UIKitTests.swift */,
			);
			path = "CurrencyConverter-UIKitTests";
			sourceTree = "<group>";
		};
		70C24D422C05D6410051FD55 /* CurrencyConverter-UIKitUITests */ = {
			isa = PBXGroup;
			children = (
				70C24D432C05D6410051FD55 /* CurrencyConverter_UIKitUITests.swift */,
				70C24D452C05D6410051FD55 /* CurrencyConverter_UIKitUITestsLaunchTests.swift */,
			);
			path = "CurrencyConverter-UIKitUITests";
			sourceTree = "<group>";
		};
		70C24D542C06D5FD0051FD55 /* Model */ = {
			isa = PBXGroup;
			children = (
				70C24D552C06D6290051FD55 /* Currency.swift */,
				70C24D572C06D6450051FD55 /* Currencies.swift */,
			);
			path = Model;
			sourceTree = "<group>";
		};
		70C24D592C06D6D50051FD55 /* Manager */ = {
			isa = PBXGroup;
			children = (
				70C24D5A2C06D6E40051FD55 /* NetworkManager.swift */,
			);
			path = Manager;
			sourceTree = "<group>";
		};
		70C24D5C2C06D7100051FD55 /* Utilities */ = {
			isa = PBXGroup;
			children = (
				70C24D5D2C06D74D0051FD55 /* Extension */,
				70C24D642C06D7E30051FD55 /* Error.swift */,
			);
			path = Utilities;
			sourceTree = "<group>";
		};
		70C24D5D2C06D74D0051FD55 /* Extension */ = {
			isa = PBXGroup;
			children = (
				70C24D5E2C06D7670051FD55 /* DateFormatterExtension.swift */,
				70C24D602C06D7960051FD55 /* JSONDecoderExtension.swift */,
				70C24D622C06D7BB0051FD55 /* LocaleExtensions.swift */,
			);
			path = Extension;
			sourceTree = "<group>";
		};
/* End PBXGroup section */

/* Begin PBXNativeTarget section */
		70C24D1E2C05D63F0051FD55 /* CurrencyConverter-UIKit */ = {
			isa = PBXNativeTarget;
			buildConfigurationList = 70C24D492C05D6410051FD55 /* Build configuration list for PBXNativeTarget "CurrencyConverter-UIKit" */;
			buildPhases = (
				70C24D1B2C05D63F0051FD55 /* Sources */,
				70C24D1C2C05D63F0051FD55 /* Frameworks */,
				70C24D1D2C05D63F0051FD55 /* Resources */,
			);
			buildRules = (
			);
			dependencies = (
			);
			name = "CurrencyConverter-UIKit";
			productName = "CurrencyConverter-UIKit";
			productReference = 70C24D1F2C05D63F0051FD55 /* CurrencyConverter-UIKit.app */;
			productType = "com.apple.product-type.application";
		};
		70C24D342C05D6410051FD55 /* CurrencyConverter-UIKitTests */ = {
			isa = PBXNativeTarget;
			buildConfigurationList = 70C24D4C2C05D6410051FD55 /* Build configuration list for PBXNativeTarget "CurrencyConverter-UIKitTests" */;
			buildPhases = (
				70C24D312C05D6410051FD55 /* Sources */,
				70C24D322C05D6410051FD55 /* Frameworks */,
				70C24D332C05D6410051FD55 /* Resources */,
			);
			buildRules = (
			);
			dependencies = (
				70C24D372C05D6410051FD55 /* PBXTargetDependency */,
			);
			name = "CurrencyConverter-UIKitTests";
			productName = "CurrencyConverter-UIKitTests";
			productReference = 70C24D352C05D6410051FD55 /* CurrencyConverter-UIKitTests.xctest */;
			productType = "com.apple.product-type.bundle.unit-test";
		};
		70C24D3E2C05D6410051FD55 /* CurrencyConverter-UIKitUITests */ = {
			isa = PBXNativeTarget;
			buildConfigurationList = 70C24D4F2C05D6410051FD55 /* Build configuration list for PBXNativeTarget "CurrencyConverter-UIKitUITests" */;
			buildPhases = (
				70C24D3B2C05D6410051FD55 /* Sources */,
				70C24D3C2C05D6410051FD55 /* Frameworks */,
				70C24D3D2C05D6410051FD55 /* Resources */,
			);
			buildRules = (
			);
			dependencies = (
				70C24D412C05D6410051FD55 /* PBXTargetDependency */,
			);
			name = "CurrencyConverter-UIKitUITests";
			productName = "CurrencyConverter-UIKitUITests";
			productReference = 70C24D3F2C05D6410051FD55 /* CurrencyConverter-UIKitUITests.xctest */;
			productType = "com.apple.product-type.bundle.ui-testing";
		};
/* End PBXNativeTarget section */

/* Begin PBXProject section */
		70C24D172C05D63F0051FD55 /* Project object */ = {
			isa = PBXProject;
			attributes = {
				BuildIndependentTargetsInParallel = 1;
				LastSwiftUpdateCheck = 1520;
				LastUpgradeCheck = 1520;
				TargetAttributes = {
					70C24D1E2C05D63F0051FD55 = {
						CreatedOnToolsVersion = 15.2;
					};
					70C24D342C05D6410051FD55 = {
						CreatedOnToolsVersion = 15.2;
						TestTargetID = 70C24D1E2C05D63F0051FD55;
					};
					70C24D3E2C05D6410051FD55 = {
						CreatedOnToolsVersion = 15.2;
						TestTargetID = 70C24D1E2C05D63F0051FD55;
					};
				};
			};
			buildConfigurationList = 70C24D1A2C05D63F0051FD55 /* Build configuration list for PBXProject "CurrencyConverter-UIKit" */;
			compatibilityVersion = "Xcode 14.0";
			developmentRegion = en;
			hasScannedForEncodings = 0;
			knownRegions = (
				en,
				Base,
			);
			mainGroup = 70C24D162C05D63F0051FD55;
			productRefGroup = 70C24D202C05D63F0051FD55 /* Products */;
			projectDirPath = "";
			projectRoot = "";
			targets = (
				70C24D1E2C05D63F0051FD55 /* CurrencyConverter-UIKit */,
				70C24D342C05D6410051FD55 /* CurrencyConverter-UIKitTests */,
				70C24D3E2C05D6410051FD55 /* CurrencyConverter-UIKitUITests */,
			);
		};
/* End PBXProject section */

/* Begin PBXResourcesBuildPhase section */
		70C24D1D2C05D63F0051FD55 /* Resources */ = {
			isa = PBXResourcesBuildPhase;
			buildActionMask = 2147483647;
			files = (
				70C24D2F2C05D6410051FD55 /* LaunchScreen.storyboard in Resources */,
				70C24D2C2C05D6410051FD55 /* Assets.xcassets in Resources */,
				70C24D2A2C05D63F0051FD55 /* Main.storyboard in Resources */,
			);
			runOnlyForDeploymentPostprocessing = 0;
		};
		70C24D332C05D6410051FD55 /* Resources */ = {
			isa = PBXResourcesBuildPhase;
			buildActionMask = 2147483647;
			files = (
			);
			runOnlyForDeploymentPostprocessing = 0;
		};
		70C24D3D2C05D6410051FD55 /* Resources */ = {
			isa = PBXResourcesBuildPhase;
			buildActionMask = 2147483647;
			files = (
			);
			runOnlyForDeploymentPostprocessing = 0;
		};
/* End PBXResourcesBuildPhase section */

/* Begin PBXSourcesBuildPhase section */
		70C24D1B2C05D63F0051FD55 /* Sources */ = {
			isa = PBXSourcesBuildPhase;
			buildActionMask = 2147483647;
			files = (
				70C24D582C06D6450051FD55 /* Currencies.swift in Sources */,
				70C24D632C06D7BB0051FD55 /* LocaleExtensions.swift in Sources */,
				70C24D272C05D63F0051FD55 /* MainViewController.swift in Sources */,
				70C24D652C06D7E30051FD55 /* Error.swift in Sources */,
				70C24D562C06D6290051FD55 /* Currency.swift in Sources */,
				70C24D5B2C06D6E40051FD55 /* NetworkManager.swift in Sources */,
				70C24D232C05D63F0051FD55 /* AppDelegate.swift in Sources */,
				70C24D612C06D7960051FD55 /* JSONDecoderExtension.swift in Sources */,
				70C24D532C06CCF70051FD55 /* ConvertViewController.swift in Sources */,
				70C24D5F2C06D7670051FD55 /* DateFormatterExtension.swift in Sources */,
				70C24D252C05D63F0051FD55 /* SceneDelegate.swift in Sources */,
				70C24D672C06DD380051FD55 /* MainViewModel.swift in Sources */,
			);
			runOnlyForDeploymentPostprocessing = 0;
		};
		70C24D312C05D6410051FD55 /* Sources */ = {
			isa = PBXSourcesBuildPhase;
			buildActionMask = 2147483647;
			files = (
				70C24D3A2C05D6410051FD55 /* CurrencyConverter_UIKitTests.swift in Sources */,
			);
			runOnlyForDeploymentPostprocessing = 0;
		};
		70C24D3B2C05D6410051FD55 /* Sources */ = {
			isa = PBXSourcesBuildPhase;
			buildActionMask = 2147483647;
			files = (
				70C24D442C05D6410051FD55 /* CurrencyConverter_UIKitUITests.swift in Sources */,
				70C24D462C05D6410051FD55 /* CurrencyConverter_UIKitUITestsLaunchTests.swift in Sources */,
			);
			runOnlyForDeploymentPostprocessing = 0;
		};
/* End PBXSourcesBuildPhase section */

/* Begin PBXTargetDependency section */
		70C24D372C05D6410051FD55 /* PBXTargetDependency */ = {
			isa = PBXTargetDependency;
			target = 70C24D1E2C05D63F0051FD55 /* CurrencyConverter-UIKit */;
			targetProxy = 70C24D362C05D6410051FD55 /* PBXContainerItemProxy */;
		};
		70C24D412C05D6410051FD55 /* PBXTargetDependency */ = {
			isa = PBXTargetDependency;
			target = 70C24D1E2C05D63F0051FD55 /* CurrencyConverter-UIKit */;
			targetProxy = 70C24D402C05D6410051FD55 /* PBXContainerItemProxy */;
		};
/* End PBXTargetDependency section */

/* Begin PBXVariantGroup section */
		70C24D282C05D63F0051FD55 /* Main.storyboard */ = {
			isa = PBXVariantGroup;
			children = (
				70C24D292C05D63F0051FD55 /* Base */,
			);
			name = Main.storyboard;
			sourceTree = "<group>";
		};
		70C24D2D2C05D6410051FD55 /* LaunchScreen.storyboard */ = {
			isa = PBXVariantGroup;
			children = (
				70C24D2E2C05D6410051FD55 /* Base */,
			);
			name = LaunchScreen.storyboard;
			sourceTree = "<group>";
		};
/* End PBXVariantGroup section */

/* Begin XCBuildConfiguration section */
		70C24D472C05D6410051FD55 /* Debug */ = {
			isa = XCBuildConfiguration;
			buildSettings = {
				ALWAYS_SEARCH_USER_PATHS = NO;
				ASSETCATALOG_COMPILER_GENERATE_SWIFT_ASSET_SYMBOL_EXTENSIONS = YES;
				CLANG_ANALYZER_NONNULL = YES;
				CLANG_ANALYZER_NUMBER_OBJECT_CONVERSION = YES_AGGRESSIVE;
				CLANG_CXX_LANGUAGE_STANDARD = "gnu++20";
				CLANG_ENABLE_MODULES = YES;
				CLANG_ENABLE_OBJC_ARC = YES;
				CLANG_ENABLE_OBJC_WEAK = YES;
				CLANG_WARN_BLOCK_CAPTURE_AUTORELEASING = YES;
				CLANG_WARN_BOOL_CONVERSION = YES;
				CLANG_WARN_COMMA = YES;
				CLANG_WARN_CONSTANT_CONVERSION = YES;
				CLANG_WARN_DEPRECATED_OBJC_IMPLEMENTATIONS = YES;
				CLANG_WARN_DIRECT_OBJC_ISA_USAGE = YES_ERROR;
				CLANG_WARN_DOCUMENTATION_COMMENTS = YES;
				CLANG_WARN_EMPTY_BODY = YES;
				CLANG_WARN_ENUM_CONVERSION = YES;
				CLANG_WARN_INFINITE_RECURSION = YES;
				CLANG_WARN_INT_CONVERSION = YES;
				CLANG_WARN_NON_LITERAL_NULL_CONVERSION = YES;
				CLANG_WARN_OBJC_IMPLICIT_RETAIN_SELF = YES;
				CLANG_WARN_OBJC_LITERAL_CONVERSION = YES;
				CLANG_WARN_OBJC_ROOT_CLASS = YES_ERROR;
				CLANG_WARN_QUOTED_INCLUDE_IN_FRAMEWORK_HEADER = YES;
				CLANG_WARN_RANGE_LOOP_ANALYSIS = YES;
				CLANG_WARN_STRICT_PROTOTYPES = YES;
				CLANG_WARN_SUSPICIOUS_MOVE = YES;
				CLANG_WARN_UNGUARDED_AVAILABILITY = YES_AGGRESSIVE;
				CLANG_WARN_UNREACHABLE_CODE = YES;
				CLANG_WARN__DUPLICATE_METHOD_MATCH = YES;
				COPY_PHASE_STRIP = NO;
				DEBUG_INFORMATION_FORMAT = dwarf;
				ENABLE_STRICT_OBJC_MSGSEND = YES;
				ENABLE_TESTABILITY = YES;
				ENABLE_USER_SCRIPT_SANDBOXING = YES;
				GCC_C_LANGUAGE_STANDARD = gnu17;
				GCC_DYNAMIC_NO_PIC = NO;
				GCC_NO_COMMON_BLOCKS = YES;
				GCC_OPTIMIZATION_LEVEL = 0;
				GCC_PREPROCESSOR_DEFINITIONS = (
					"DEBUG=1",
					"$(inherited)",
				);
				GCC_WARN_64_TO_32_BIT_CONVERSION = YES;
				GCC_WARN_ABOUT_RETURN_TYPE = YES_ERROR;
				GCC_WARN_UNDECLARED_SELECTOR = YES;
				GCC_WARN_UNINITIALIZED_AUTOS = YES_AGGRESSIVE;
				GCC_WARN_UNUSED_FUNCTION = YES;
				GCC_WARN_UNUSED_VARIABLE = YES;
				IPHONEOS_DEPLOYMENT_TARGET = 17.2;
				LOCALIZATION_PREFERS_STRING_CATALOGS = YES;
				MTL_ENABLE_DEBUG_INFO = INCLUDE_SOURCE;
				MTL_FAST_MATH = YES;
				ONLY_ACTIVE_ARCH = YES;
				SDKROOT = iphoneos;
				SWIFT_ACTIVE_COMPILATION_CONDITIONS = "DEBUG $(inherited)";
				SWIFT_OPTIMIZATION_LEVEL = "-Onone";
			};
			name = Debug;
		};
		70C24D482C05D6410051FD55 /* Release */ = {
			isa = XCBuildConfiguration;
			buildSettings = {
				ALWAYS_SEARCH_USER_PATHS = NO;
				ASSETCATALOG_COMPILER_GENERATE_SWIFT_ASSET_SYMBOL_EXTENSIONS = YES;
				CLANG_ANALYZER_NONNULL = YES;
				CLANG_ANALYZER_NUMBER_OBJECT_CONVERSION = YES_AGGRESSIVE;
				CLANG_CXX_LANGUAGE_STANDARD = "gnu++20";
				CLANG_ENABLE_MODULES = YES;
				CLANG_ENABLE_OBJC_ARC = YES;
				CLANG_ENABLE_OBJC_WEAK = YES;
				CLANG_WARN_BLOCK_CAPTURE_AUTORELEASING = YES;
				CLANG_WARN_BOOL_CONVERSION = YES;
				CLANG_WARN_COMMA = YES;
				CLANG_WARN_CONSTANT_CONVERSION = YES;
				CLANG_WARN_DEPRECATED_OBJC_IMPLEMENTATIONS = YES;
				CLANG_WARN_DIRECT_OBJC_ISA_USAGE = YES_ERROR;
				CLANG_WARN_DOCUMENTATION_COMMENTS = YES;
				CLANG_WARN_EMPTY_BODY = YES;
				CLANG_WARN_ENUM_CONVERSION = YES;
				CLANG_WARN_INFINITE_RECURSION = YES;
				CLANG_WARN_INT_CONVERSION = YES;
				CLANG_WARN_NON_LITERAL_NULL_CONVERSION = YES;
				CLANG_WARN_OBJC_IMPLICIT_RETAIN_SELF = YES;
				CLANG_WARN_OBJC_LITERAL_CONVERSION = YES;
				CLANG_WARN_OBJC_ROOT_CLASS = YES_ERROR;
				CLANG_WARN_QUOTED_INCLUDE_IN_FRAMEWORK_HEADER = YES;
				CLANG_WARN_RANGE_LOOP_ANALYSIS = YES;
				CLANG_WARN_STRICT_PROTOTYPES = YES;
				CLANG_WARN_SUSPICIOUS_MOVE = YES;
				CLANG_WARN_UNGUARDED_AVAILABILITY = YES_AGGRESSIVE;
				CLANG_WARN_UNREACHABLE_CODE = YES;
				CLANG_WARN__DUPLICATE_METHOD_MATCH = YES;
				COPY_PHASE_STRIP = NO;
				DEBUG_INFORMATION_FORMAT = "dwarf-with-dsym";
				ENABLE_NS_ASSERTIONS = NO;
				ENABLE_STRICT_OBJC_MSGSEND = YES;
				ENABLE_USER_SCRIPT_SANDBOXING = YES;
				GCC_C_LANGUAGE_STANDARD = gnu17;
				GCC_NO_COMMON_BLOCKS = YES;
				GCC_WARN_64_TO_32_BIT_CONVERSION = YES;
				GCC_WARN_ABOUT_RETURN_TYPE = YES_ERROR;
				GCC_WARN_UNDECLARED_SELECTOR = YES;
				GCC_WARN_UNINITIALIZED_AUTOS = YES_AGGRESSIVE;
				GCC_WARN_UNUSED_FUNCTION = YES;
				GCC_WARN_UNUSED_VARIABLE = YES;
				IPHONEOS_DEPLOYMENT_TARGET = 17.2;
				LOCALIZATION_PREFERS_STRING_CATALOGS = YES;
				MTL_ENABLE_DEBUG_INFO = NO;
				MTL_FAST_MATH = YES;
				SDKROOT = iphoneos;
				SWIFT_COMPILATION_MODE = wholemodule;
				VALIDATE_PRODUCT = YES;
			};
			name = Release;
		};
		70C24D4A2C05D6410051FD55 /* Debug */ = {
			isa = XCBuildConfiguration;
			buildSettings = {
				ASSETCATALOG_COMPILER_APPICON_NAME = AppIcon;
				ASSETCATALOG_COMPILER_GLOBAL_ACCENT_COLOR_NAME = AccentColor;
				CODE_SIGN_STYLE = Automatic;
				CURRENT_PROJECT_VERSION = 1;
				GENERATE_INFOPLIST_FILE = YES;
				INFOPLIST_FILE = "CurrencyConverter-UIKit/Info.plist";
				INFOPLIST_KEY_UIApplicationSupportsIndirectInputEvents = YES;
				INFOPLIST_KEY_UILaunchStoryboardName = LaunchScreen;
				INFOPLIST_KEY_UIMainStoryboardFile = Main;
				INFOPLIST_KEY_UISupportedInterfaceOrientations = "UIInterfaceOrientationLandscapeLeft UIInterfaceOrientationLandscapeRight UIInterfaceOrientationPortrait";
				IPHONEOS_DEPLOYMENT_TARGET = 14.0;
				LD_RUNPATH_SEARCH_PATHS = (
					"$(inherited)",
					"@executable_path/Frameworks",
				);
				MARKETING_VERSION = 1.0;
				PRODUCT_BUNDLE_IDENTIFIER = "win.CurrencyConverter-UIKit";
				PRODUCT_NAME = "$(TARGET_NAME)";
				SWIFT_EMIT_LOC_STRINGS = YES;
				SWIFT_VERSION = 5.0;
				TARGETED_DEVICE_FAMILY = "1,2";
			};
			name = Debug;
		};
		70C24D4B2C05D6410051FD55 /* Release */ = {
			isa = XCBuildConfiguration;
			buildSettings = {
				ASSETCATALOG_COMPILER_APPICON_NAME = AppIcon;
				ASSETCATALOG_COMPILER_GLOBAL_ACCENT_COLOR_NAME = AccentColor;
				CODE_SIGN_STYLE = Automatic;
				CURRENT_PROJECT_VERSION = 1;
				GENERATE_INFOPLIST_FILE = YES;
				INFOPLIST_FILE = "CurrencyConverter-UIKit/Info.plist";
				INFOPLIST_KEY_UIApplicationSupportsIndirectInputEvents = YES;
				INFOPLIST_KEY_UILaunchStoryboardName = LaunchScreen;
				INFOPLIST_KEY_UIMainStoryboardFile = Main;
				INFOPLIST_KEY_UISupportedInterfaceOrientations = "UIInterfaceOrientationLandscapeLeft UIInterfaceOrientationLandscapeRight UIInterfaceOrientationPortrait";
				IPHONEOS_DEPLOYMENT_TARGET = 14.0;
				LD_RUNPATH_SEARCH_PATHS = (
					"$(inherited)",
					"@executable_path/Frameworks",
				);
				MARKETING_VERSION = 1.0;
				PRODUCT_BUNDLE_IDENTIFIER = "win.CurrencyConverter-UIKit";
				PRODUCT_NAME = "$(TARGET_NAME)";
				SWIFT_EMIT_LOC_STRINGS = YES;
				SWIFT_VERSION = 5.0;
				TARGETED_DEVICE_FAMILY = "1,2";
			};
			name = Release;
		};
		70C24D4D2C05D6410051FD55 /* Debug */ = {
			isa = XCBuildConfiguration;
			buildSettings = {
				ALWAYS_EMBED_SWIFT_STANDARD_LIBRARIES = YES;
				BUNDLE_LOADER = "$(TEST_HOST)";
				CODE_SIGN_STYLE = Automatic;
				CURRENT_PROJECT_VERSION = 1;
				GENERATE_INFOPLIST_FILE = YES;
				IPHONEOS_DEPLOYMENT_TARGET = 17.2;
				MARKETING_VERSION = 1.0;
				PRODUCT_BUNDLE_IDENTIFIER = "win.CurrencyConverter-UIKitTests";
				PRODUCT_NAME = "$(TARGET_NAME)";
				SWIFT_EMIT_LOC_STRINGS = NO;
				SWIFT_VERSION = 5.0;
				TARGETED_DEVICE_FAMILY = "1,2";
				TEST_HOST = "$(BUILT_PRODUCTS_DIR)/CurrencyConverter-UIKit.app/$(BUNDLE_EXECUTABLE_FOLDER_PATH)/CurrencyConverter-UIKit";
			};
			name = Debug;
		};
		70C24D4E2C05D6410051FD55 /* Release */ = {
			isa = XCBuildConfiguration;
			buildSettings = {
				ALWAYS_EMBED_SWIFT_STANDARD_LIBRARIES = YES;
				BUNDLE_LOADER = "$(TEST_HOST)";
				CODE_SIGN_STYLE = Automatic;
				CURRENT_PROJECT_VERSION = 1;
				GENERATE_INFOPLIST_FILE = YES;
				IPHONEOS_DEPLOYMENT_TARGET = 17.2;
				MARKETING_VERSION = 1.0;
				PRODUCT_BUNDLE_IDENTIFIER = "win.CurrencyConverter-UIKitTests";
				PRODUCT_NAME = "$(TARGET_NAME)";
				SWIFT_EMIT_LOC_STRINGS = NO;
				SWIFT_VERSION = 5.0;
				TARGETED_DEVICE_FAMILY = "1,2";
				TEST_HOST = "$(BUILT_PRODUCTS_DIR)/CurrencyConverter-UIKit.app/$(BUNDLE_EXECUTABLE_FOLDER_PATH)/CurrencyConverter-UIKit";
			};
			name = Release;
		};
		70C24D502C05D6410051FD55 /* Debug */ = {
			isa = XCBuildConfiguration;
			buildSettings = {
				ALWAYS_EMBED_SWIFT_STANDARD_LIBRARIES = YES;
				CODE_SIGN_STYLE = Automatic;
				CURRENT_PROJECT_VERSION = 1;
				GENERATE_INFOPLIST_FILE = YES;
				MARKETING_VERSION = 1.0;
				PRODUCT_BUNDLE_IDENTIFIER = "win.CurrencyConverter-UIKitUITests";
				PRODUCT_NAME = "$(TARGET_NAME)";
				SWIFT_EMIT_LOC_STRINGS = NO;
				SWIFT_VERSION = 5.0;
				TARGETED_DEVICE_FAMILY = "1,2";
				TEST_TARGET_NAME = "CurrencyConverter-UIKit";
			};
			name = Debug;
		};
		70C24D512C05D6410051FD55 /* Release */ = {
			isa = XCBuildConfiguration;
			buildSettings = {
				ALWAYS_EMBED_SWIFT_STANDARD_LIBRARIES = YES;
				CODE_SIGN_STYLE = Automatic;
				CURRENT_PROJECT_VERSION = 1;
				GENERATE_INFOPLIST_FILE = YES;
				MARKETING_VERSION = 1.0;
				PRODUCT_BUNDLE_IDENTIFIER = "win.CurrencyConverter-UIKitUITests";
				PRODUCT_NAME = "$(TARGET_NAME)";
				SWIFT_EMIT_LOC_STRINGS = NO;
				SWIFT_VERSION = 5.0;
				TARGETED_DEVICE_FAMILY = "1,2";
				TEST_TARGET_NAME = "CurrencyConverter-UIKit";
			};
			name = Release;
		};
/* End XCBuildConfiguration section */

/* Begin XCConfigurationList section */
		70C24D1A2C05D63F0051FD55 /* Build configuration list for PBXProject "CurrencyConverter-UIKit" */ = {
			isa = XCConfigurationList;
			buildConfigurations = (
				70C24D472C05D6410051FD55 /* Debug */,
				70C24D482C05D6410051FD55 /* Release */,
			);
			defaultConfigurationIsVisible = 0;
			defaultConfigurationName = Release;
		};
		70C24D492C05D6410051FD55 /* Build configuration list for PBXNativeTarget "CurrencyConverter-UIKit" */ = {
			isa = XCConfigurationList;
			buildConfigurations = (
				70C24D4A2C05D6410051FD55 /* Debug */,
				70C24D4B2C05D6410051FD55 /* Release */,
			);
			defaultConfigurationIsVisible = 0;
			defaultConfigurationName = Release;
		};
		70C24D4C2C05D6410051FD55 /* Build configuration list for PBXNativeTarget "CurrencyConverter-UIKitTests" */ = {
			isa = XCConfigurationList;
			buildConfigurations = (
				70C24D4D2C05D6410051FD55 /* Debug */,
				70C24D4E2C05D6410051FD55 /* Release */,
			);
			defaultConfigurationIsVisible = 0;
			defaultConfigurationName = Release;
		};
		70C24D4F2C05D6410051FD55 /* Build configuration list for PBXNativeTarget "CurrencyConverter-UIKitUITests" */ = {
			isa = XCConfigurationList;
			buildConfigurations = (
				70C24D502C05D6410051FD55 /* Debug */,
				70C24D512C05D6410051FD55 /* Release */,
			);
			defaultConfigurationIsVisible = 0;
			defaultConfigurationName = Release;
		};
/* End XCConfigurationList section */
	};
	rootObject = 70C24D172C05D63F0051FD55 /* Project object */;
}
